# This file is automatically @generated by Cargo.
# It is not intended for manual editing.
version = 3

[[package]]
name = "gdscript-format"
version = "0.1.0"

[[package]]
name = "gdscript-lint"
version = "0.1.0"

[[package]]
name = "gdscript-parse"
version = "0.1.0"

[[package]]
name = "gdt"
version = "0.1.0"
